{
  "version": 4,
  "terraform_version": "1.5.2",
  "serial": 235,
  "lineage": "e394c359-42e5-adda-9795-7993834b40b7",
  "outputs": {},
  "resources": [
    {
      "mode": "managed",
      "type": "azurerm_application_gateway",
      "name": "main",
      "provider": "provider[\"registry.terraform.io/hashicorp/azurerm\"]",
      "instances": [
        {
          "schema_version": 0,
          "attributes": {
            "authentication_certificate": [],
            "autoscale_configuration": [],
            "backend_address_pool": [
              {
                "fqdns": [
                  "abdul-api-1.azurewebsites.net",
                  "abdulll-api-2.azurewebsites.net"
                ],
                "id": "/subscriptions/d0dc2c28-831d-44bd-986c-f58b884385f0/resourceGroups/application-rg/providers/Microsoft.Network/applicationGateways/my-app-gateway/backendAddressPools/api-backend-pool",
                "ip_addresses": [],
                "name": "api-backend-pool"
              }
            ],
            "backend_http_settings": [
              {
                "affinity_cookie_name": "",
                "authentication_certificate": [],
                "connection_draining": [],
                "cookie_based_affinity": "Disabled",
                "host_name": "",
                "id": "/subscriptions/d0dc2c28-831d-44bd-986c-f58b884385f0/resourceGroups/application-rg/providers/Microsoft.Network/applicationGateways/my-app-gateway/backendHttpSettingsCollection/app-gateway-http-settings",
                "name": "app-gateway-http-settings",
                "path": "",
                "pick_host_name_from_backend_address": false,
                "port": 8080,
                "probe_id": "",
                "probe_name": "",
                "protocol": "Http",
                "request_timeout": 30,
                "trusted_root_certificate_names": []
              }
            ],
            "custom_error_configuration": [],
            "enable_http2": false,
            "fips_enabled": false,
            "firewall_policy_id": "",
            "force_firewall_policy_association": false,
            "frontend_ip_configuration": [
              {
                "id": "/subscriptions/d0dc2c28-831d-44bd-986c-f58b884385f0/resourceGroups/application-rg/providers/Microsoft.Network/applicationGateways/my-app-gateway/frontendIPConfigurations/app-gateway-frontend-ip",
                "name": "app-gateway-frontend-ip",
                "private_ip_address": "",
                "private_ip_address_allocation": "Dynamic",
                "private_link_configuration_id": "",
                "private_link_configuration_name": "",
                "public_ip_address_id": "/subscriptions/d0dc2c28-831d-44bd-986c-f58b884385f0/resourceGroups/application-rg/providers/Microsoft.Network/publicIPAddresses/gateway-pip",
                "subnet_id": ""
              }
            ],
            "frontend_port": [
              {
                "id": "/subscriptions/d0dc2c28-831d-44bd-986c-f58b884385f0/resourceGroups/application-rg/providers/Microsoft.Network/applicationGateways/my-app-gateway/frontendPorts/http-port",
                "name": "http-port",
                "port": 80
              }
            ],
            "gateway_ip_configuration": [
              {
                "id": "/subscriptions/d0dc2c28-831d-44bd-986c-f58b884385f0/resourceGroups/application-rg/providers/Microsoft.Network/applicationGateways/my-app-gateway/gatewayIPConfigurations/app-gateway-ip-config",
                "name": "app-gateway-ip-config",
                "subnet_id": "/subscriptions/d0dc2c28-831d-44bd-986c-f58b884385f0/resourceGroups/application-rg/providers/Microsoft.Network/virtualNetworks/Application-gateway-vnet/subnets/default"
              }
            ],
            "global": [],
            "http_listener": [
              {
                "custom_error_configuration": [],
                "firewall_policy_id": "",
                "frontend_ip_configuration_id": "/subscriptions/d0dc2c28-831d-44bd-986c-f58b884385f0/resourceGroups/application-rg/providers/Microsoft.Network/applicationGateways/my-app-gateway/frontendIPConfigurations/app-gateway-frontend-ip",
                "frontend_ip_configuration_name": "app-gateway-frontend-ip",
                "frontend_port_id": "/subscriptions/d0dc2c28-831d-44bd-986c-f58b884385f0/resourceGroups/application-rg/providers/Microsoft.Network/applicationGateways/my-app-gateway/frontendPorts/http-port",
                "frontend_port_name": "http-port",
                "host_name": "",
                "host_names": [],
                "id": "/subscriptions/d0dc2c28-831d-44bd-986c-f58b884385f0/resourceGroups/application-rg/providers/Microsoft.Network/applicationGateways/my-app-gateway/httpListeners/app-gateway-http-listener",
                "name": "app-gateway-http-listener",
                "protocol": "Http",
                "require_sni": false,
                "ssl_certificate_id": "",
                "ssl_certificate_name": "",
                "ssl_profile_id": "",
                "ssl_profile_name": ""
              }
            ],
            "id": "/subscriptions/d0dc2c28-831d-44bd-986c-f58b884385f0/resourceGroups/application-rg/providers/Microsoft.Network/applicationGateways/my-app-gateway",
            "identity": [],
            "location": "uaenorth",
            "name": "my-app-gateway",
            "private_endpoint_connection": [],
            "private_link_configuration": [],
            "probe": [],
            "redirect_configuration": [],
            "request_routing_rule": [
              {
                "backend_address_pool_id": "/subscriptions/d0dc2c28-831d-44bd-986c-f58b884385f0/resourceGroups/application-rg/providers/Microsoft.Network/applicationGateways/my-app-gateway/backendAddressPools/api-backend-pool",
                "backend_address_pool_name": "api-backend-pool",
                "backend_http_settings_id": "/subscriptions/d0dc2c28-831d-44bd-986c-f58b884385f0/resourceGroups/application-rg/providers/Microsoft.Network/applicationGateways/my-app-gateway/backendHttpSettingsCollection/app-gateway-http-settings",
                "backend_http_settings_name": "app-gateway-http-settings",
                "http_listener_id": "/subscriptions/d0dc2c28-831d-44bd-986c-f58b884385f0/resourceGroups/application-rg/providers/Microsoft.Network/applicationGateways/my-app-gateway/httpListeners/app-gateway-http-listener",
                "http_listener_name": "app-gateway-http-listener",
                "id": "/subscriptions/d0dc2c28-831d-44bd-986c-f58b884385f0/resourceGroups/application-rg/providers/Microsoft.Network/applicationGateways/my-app-gateway/requestRoutingRules/api-routing-rule",
                "name": "api-routing-rule",
                "priority": 100,
                "redirect_configuration_id": "",
                "redirect_configuration_name": "",
                "rewrite_rule_set_id": "",
                "rewrite_rule_set_name": "",
                "rule_type": "Basic",
                "url_path_map_id": "",
                "url_path_map_name": ""
              }
            ],
            "resource_group_name": "application-rg",
            "rewrite_rule_set": [],
            "sku": [
              {
                "capacity": 2,
                "name": "Standard_v2",
                "tier": "Standard_v2"
              }
            ],
            "ssl_certificate": [],
            "ssl_policy": [
              {
                "cipher_suites": [],
                "disabled_protocols": [],
                "min_protocol_version": "",
                "policy_name": "AppGwSslPolicy20150501",
                "policy_type": "Predefined"
              }
            ],
            "ssl_profile": [],
            "tags": null,
            "timeouts": null,
            "trusted_client_certificate": [],
            "trusted_root_certificate": [],
            "url_path_map": [],
            "waf_configuration": [],
            "zones": null
          },
          "sensitive_attributes": [],
          "private": "eyJlMmJmYjczMC1lY2FhLTExZTYtOGY4OC0zNDM2M2JjN2M0YzAiOnsiY3JlYXRlIjo1NDAwMDAwMDAwMDAwLCJkZWxldGUiOjU0MDAwMDAwMDAwMDAsInJlYWQiOjMwMDAwMDAwMDAwMCwidXBkYXRlIjo1NDAwMDAwMDAwMDAwfX0=",
          "dependencies": [
            "azurerm_linux_web_app.api1",
            "azurerm_linux_web_app.api2",
            "azurerm_public_ip.pip",
            "azurerm_resource_group.application-rg",
            "azurerm_service_plan.webplan2",
            "azurerm_subnet.gateway-subnet"
          ]
        }
      ]
    },
    {
      "mode": "managed",
      "type": "azurerm_linux_web_app",
      "name": "api1",
      "provider": "provider[\"registry.terraform.io/hashicorp/azurerm\"]",
      "instances": [
        {
          "schema_version": 1,
          "attributes": {
            "app_settings": {},
            "auth_settings": [],
            "auth_settings_v2": [],
            "backup": [],
            "client_affinity_enabled": false,
            "client_certificate_enabled": false,
            "client_certificate_exclusion_paths": "",
            "client_certificate_mode": "Required",
            "connection_string": [],
            "custom_domain_verification_id": "583FE836E9626BA8D4D9621BC37A1C37FB70A9DE5CE98DBF0563206CFC6BB791",
            "default_hostname": "abdul-api-1.azurewebsites.net",
            "enabled": true,
            "ftp_publish_basic_authentication_enabled": true,
            "hosting_environment_id": "",
            "https_only": false,
            "id": "/subscriptions/d0dc2c28-831d-44bd-986c-f58b884385f0/resourceGroups/application-rg/providers/Microsoft.Web/sites/abdul-api-1",
            "identity": [],
            "key_vault_reference_identity_id": "SystemAssigned",
            "kind": "app,linux",
            "location": "uaenorth",
            "logs": [],
            "name": "abdul-api-1",
            "outbound_ip_address_list": [
              "20.203.70.243",
              "20.203.70.193",
              "20.203.66.33",
              "20.203.71.210",
              "20.233.81.249",
              "20.233.82.16",
              "20.203.74.62",
              "20.203.74.87",
              "20.203.74.126",
              "20.203.75.236",
              "20.203.76.18",
              "20.203.76.46",
              "20.74.192.4"
            ],
            "outbound_ip_addresses": "20.203.70.243,20.203.70.193,20.203.66.33,20.203.71.210,20.233.81.249,20.233.82.16,20.203.74.62,20.203.74.87,20.203.74.126,20.203.75.236,20.203.76.18,20.203.76.46,20.74.192.4",
            "possible_outbound_ip_address_list": [
              "20.203.70.243",
              "20.203.70.193",
              "20.203.66.33",
              "20.203.71.210",
              "20.233.81.249",
              "20.233.82.16",
              "20.203.74.62",
              "20.203.74.87",
              "20.203.74.126",
              "20.203.75.236",
              "20.203.76.18",
              "20.203.76.46",
              "20.203.76.150",
              "20.203.78.23",
              "20.203.76.28",
              "20.203.78.212",
              "20.233.88.160",
              "20.233.89.202",
              "20.233.95.56",
              "20.233.122.237",
              "20.233.123.72",
              "20.233.123.108",
              "20.233.123.161",
              "20.233.123.208",
              "20.203.70.243",
              "20.203.70.193",
              "20.203.66.33",
              "20.203.71.210",
              "20.233.81.249",
              "20.233.82.16",
              "20.233.124.83",
              "20.233.125.42",
              "20.233.126.248",
              "20.233.177.177",
              "20.233.179.208",
              "20.233.229.176",
              "20.74.192.4"
            ],
            "possible_outbound_ip_addresses": "20.203.70.243,20.203.70.193,20.203.66.33,20.203.71.210,20.233.81.249,20.233.82.16,20.203.74.62,20.203.74.87,20.203.74.126,20.203.75.236,20.203.76.18,20.203.76.46,20.203.76.150,20.203.78.23,20.203.76.28,20.203.78.212,20.233.88.160,20.233.89.202,20.233.95.56,20.233.122.237,20.233.123.72,20.233.123.108,20.233.123.161,20.233.123.208,20.203.70.243,20.203.70.193,20.203.66.33,20.203.71.210,20.233.81.249,20.233.82.16,20.233.124.83,20.233.125.42,20.233.126.248,20.233.177.177,20.233.179.208,20.233.229.176,20.74.192.4",
            "public_network_access_enabled": true,
            "resource_group_name": "application-rg",
            "service_plan_id": "/subscriptions/d0dc2c28-831d-44bd-986c-f58b884385f0/resourceGroups/application-rg/providers/Microsoft.Web/serverFarms/NETApi-plan1",
            "site_config": [
              {
                "always_on": false,
                "api_definition_url": "",
                "api_management_api_id": "",
                "app_command_line": "",
                "application_stack": [
                  {
                    "docker_image": "",
                    "docker_image_name": "",
                    "docker_image_tag": "",
                    "docker_registry_password": "",
                    "docker_registry_url": "",
                    "docker_registry_username": "",
                    "dotnet_version": "7.0",
                    "go_version": "",
                    "java_server": "",
                    "java_server_version": "",
                    "java_version": "",
                    "node_version": "",
                    "php_version": "",
                    "python_version": "",
                    "ruby_version": ""
                  }
                ],
                "auto_heal_enabled": false,
                "auto_heal_setting": [],
                "container_registry_managed_identity_client_id": "",
                "container_registry_use_managed_identity": false,
                "cors": [],
                "default_documents": [
                  "Default.htm",
                  "Default.html",
                  "Default.asp",
                  "index.htm",
                  "index.html",
                  "iisstart.htm",
                  "default.aspx",
                  "index.php",
                  "hostingstart.html"
                ],
                "detailed_error_logging_enabled": false,
                "ftps_state": "Disabled",
                "health_check_eviction_time_in_min": 0,
                "health_check_path": "",
                "http2_enabled": false,
                "ip_restriction": [],
                "ip_restriction_default_action": "Allow",
                "linux_fx_version": "DOTNETCORE|7.0",
                "load_balancing_mode": "LeastRequests",
                "local_mysql_enabled": false,
                "managed_pipeline_mode": "Integrated",
                "minimum_tls_version": "1.2",
                "remote_debugging_enabled": false,
                "remote_debugging_version": "VS2019",
                "scm_ip_restriction": [],
                "scm_ip_restriction_default_action": "Allow",
                "scm_minimum_tls_version": "1.2",
                "scm_type": "None",
                "scm_use_main_ip_restriction": false,
                "use_32_bit_worker": true,
                "vnet_route_all_enabled": false,
                "websockets_enabled": false,
                "worker_count": 1
              }
            ],
            "site_credential": [
              {
                "name": "$abdul-api-1",
                "password": "iY2TWKsElXx4qCqclt51b5DNM44fw0TtzGHcoG3LuHs50oCgN77wez3Blicf"
              }
            ],
            "sticky_settings": [],
            "storage_account": [],
            "tags": {},
            "timeouts": null,
            "virtual_network_subnet_id": "",
            "webdeploy_publish_basic_authentication_enabled": true,
            "zip_deploy_file": ""
          },
          "sensitive_attributes": [],
          "private": "eyJlMmJmYjczMC1lY2FhLTExZTYtOGY4OC0zNDM2M2JjN2M0YzAiOnsiY3JlYXRlIjoxODAwMDAwMDAwMDAwLCJkZWxldGUiOjE4MDAwMDAwMDAwMDAsInJlYWQiOjMwMDAwMDAwMDAwMCwidXBkYXRlIjoxODAwMDAwMDAwMDAwfSwic2NoZW1hX3ZlcnNpb24iOiIxIn0=",
          "dependencies": [
            "azurerm_resource_group.application-rg",
            "azurerm_service_plan.webplan1"
          ]
        }
      ]
    },
    {
      "mode": "managed",
      "type": "azurerm_linux_web_app",
      "name": "api2",
      "provider": "provider[\"registry.terraform.io/hashicorp/azurerm\"]",
      "instances": [
        {
          "schema_version": 1,
          "attributes": {
            "app_settings": null,
            "auth_settings": [],
            "auth_settings_v2": [],
            "backup": [],
            "client_affinity_enabled": false,
            "client_certificate_enabled": false,
            "client_certificate_exclusion_paths": "",
            "client_certificate_mode": "Required",
            "connection_string": [],
            "custom_domain_verification_id": "583FE836E9626BA8D4D9621BC37A1C37FB70A9DE5CE98DBF0563206CFC6BB791",
            "default_hostname": "abdulll-api-2.azurewebsites.net",
            "enabled": true,
            "ftp_publish_basic_authentication_enabled": true,
            "hosting_environment_id": "",
            "https_only": false,
            "id": "/subscriptions/d0dc2c28-831d-44bd-986c-f58b884385f0/resourceGroups/application-rg/providers/Microsoft.Web/sites/abdulll-api-2",
            "identity": [],
            "key_vault_reference_identity_id": "SystemAssigned",
            "kind": "app,linux",
            "location": "uaenorth",
            "logs": [],
            "name": "abdulll-api-2",
            "outbound_ip_address_list": [
              "20.203.70.243",
              "20.203.70.193",
              "20.203.66.33",
              "20.203.71.210",
              "20.233.81.249",
              "20.233.82.16",
              "20.203.74.62",
              "20.203.74.87",
              "20.203.74.126",
              "20.203.75.236",
              "20.203.76.18",
              "20.203.76.46",
              "20.74.192.4"
            ],
            "outbound_ip_addresses": "20.203.70.243,20.203.70.193,20.203.66.33,20.203.71.210,20.233.81.249,20.233.82.16,20.203.74.62,20.203.74.87,20.203.74.126,20.203.75.236,20.203.76.18,20.203.76.46,20.74.192.4",
            "possible_outbound_ip_address_list": [
              "20.203.70.243",
              "20.203.70.193",
              "20.203.66.33",
              "20.203.71.210",
              "20.233.81.249",
              "20.233.82.16",
              "20.203.74.62",
              "20.203.74.87",
              "20.203.74.126",
              "20.203.75.236",
              "20.203.76.18",
              "20.203.76.46",
              "20.203.76.150",
              "20.203.78.23",
              "20.203.76.28",
              "20.203.78.212",
              "20.233.88.160",
              "20.233.89.202",
              "20.233.95.56",
              "20.233.122.237",
              "20.233.123.72",
              "20.233.123.108",
              "20.233.123.161",
              "20.233.123.208",
              "20.203.70.243",
              "20.203.70.193",
              "20.203.66.33",
              "20.203.71.210",
              "20.233.81.249",
              "20.233.82.16",
              "20.233.124.83",
              "20.233.125.42",
              "20.233.126.248",
              "20.233.177.177",
              "20.233.179.208",
              "20.233.229.176",
              "20.74.192.4"
            ],
            "possible_outbound_ip_addresses": "20.203.70.243,20.203.70.193,20.203.66.33,20.203.71.210,20.233.81.249,20.233.82.16,20.203.74.62,20.203.74.87,20.203.74.126,20.203.75.236,20.203.76.18,20.203.76.46,20.203.76.150,20.203.78.23,20.203.76.28,20.203.78.212,20.233.88.160,20.233.89.202,20.233.95.56,20.233.122.237,20.233.123.72,20.233.123.108,20.233.123.161,20.233.123.208,20.203.70.243,20.203.70.193,20.203.66.33,20.203.71.210,20.233.81.249,20.233.82.16,20.233.124.83,20.233.125.42,20.233.126.248,20.233.177.177,20.233.179.208,20.233.229.176,20.74.192.4",
            "public_network_access_enabled": true,
            "resource_group_name": "application-rg",
            "service_plan_id": "/subscriptions/d0dc2c28-831d-44bd-986c-f58b884385f0/resourceGroups/application-rg/providers/Microsoft.Web/serverFarms/NETApi-plan2",
            "site_config": [
              {
                "always_on": false,
                "api_definition_url": "",
                "api_management_api_id": "",
                "app_command_line": "",
                "application_stack": [
                  {
                    "docker_image": "",
                    "docker_image_name": "",
                    "docker_image_tag": "",
                    "docker_registry_password": "",
                    "docker_registry_url": "",
                    "docker_registry_username": "",
                    "dotnet_version": "7.0",
                    "go_version": "",
                    "java_server": "",
                    "java_server_version": "",
                    "java_version": "",
                    "node_version": "",
                    "php_version": "",
                    "python_version": "",
                    "ruby_version": ""
                  }
                ],
                "auto_heal_enabled": false,
                "auto_heal_setting": [],
                "container_registry_managed_identity_client_id": "",
                "container_registry_use_managed_identity": false,
                "cors": [],
                "default_documents": [
                  "Default.htm",
                  "Default.html",
                  "Default.asp",
                  "index.htm",
                  "index.html",
                  "iisstart.htm",
                  "default.aspx",
                  "index.php",
                  "hostingstart.html"
                ],
                "detailed_error_logging_enabled": false,
                "ftps_state": "Disabled",
                "health_check_eviction_time_in_min": 0,
                "health_check_path": "",
                "http2_enabled": false,
                "ip_restriction": [],
                "ip_restriction_default_action": "Allow",
                "linux_fx_version": "DOTNETCORE|7.0",
                "load_balancing_mode": "LeastRequests",
                "local_mysql_enabled": false,
                "managed_pipeline_mode": "Integrated",
                "minimum_tls_version": "1.2",
                "remote_debugging_enabled": false,
                "remote_debugging_version": "VS2019",
                "scm_ip_restriction": [],
                "scm_ip_restriction_default_action": "Allow",
                "scm_minimum_tls_version": "1.2",
                "scm_type": "None",
                "scm_use_main_ip_restriction": false,
                "use_32_bit_worker": true,
                "vnet_route_all_enabled": false,
                "websockets_enabled": false,
                "worker_count": 1
              }
            ],
            "site_credential": [
              {
                "name": "$abdulll-api-2",
                "password": "bPeah27TGiHidymkwYyCyYHt338qFuPTvrdqr1Jax646uk1NmjdmvlCpZwwr"
              }
            ],
            "sticky_settings": [],
            "storage_account": [],
            "tags": null,
            "timeouts": null,
            "virtual_network_subnet_id": "",
            "webdeploy_publish_basic_authentication_enabled": true,
            "zip_deploy_file": ""
          },
          "sensitive_attributes": [],
          "private": "eyJlMmJmYjczMC1lY2FhLTExZTYtOGY4OC0zNDM2M2JjN2M0YzAiOnsiY3JlYXRlIjoxODAwMDAwMDAwMDAwLCJkZWxldGUiOjE4MDAwMDAwMDAwMDAsInJlYWQiOjMwMDAwMDAwMDAwMCwidXBkYXRlIjoxODAwMDAwMDAwMDAwfSwic2NoZW1hX3ZlcnNpb24iOiIxIn0=",
          "dependencies": [
            "azurerm_resource_group.application-rg",
            "azurerm_service_plan.webplan2"
          ]
        }
      ]
    },
    {
      "mode": "managed",
      "type": "azurerm_mssql_database",
      "name": "db",
      "provider": "provider[\"registry.terraform.io/hashicorp/azurerm\"]",
      "instances": [
        {
          "schema_version": 1,
          "attributes": {
            "auto_pause_delay_in_minutes": 0,
            "collation": "SQL_Latin1_General_CP1_CI_AS",
            "create_mode": "Default",
            "creation_source_database_id": null,
            "elastic_pool_id": "",
            "enclave_type": "",
            "geo_backup_enabled": true,
            "id": "/subscriptions/d0dc2c28-831d-44bd-986c-f58b884385f0/resourceGroups/shared-rg/providers/Microsoft.Sql/servers/abdul-sql-server/databases/SampleDB",
            "identity": [],
            "import": [],
            "ledger_enabled": false,
            "license_type": "LicenseIncluded",
            "long_term_retention_policy": [
              {
                "immutable_backups_enabled": false,
                "monthly_retention": "PT0S",
                "week_of_year": 1,
                "weekly_retention": "PT0S",
                "yearly_retention": "PT0S"
              }
            ],
            "maintenance_configuration_name": "SQL_Default",
            "max_size_gb": 32,
            "min_capacity": 0,
            "name": "SampleDB",
            "read_replica_count": 0,
            "read_scale": false,
            "recover_database_id": null,
            "recovery_point_id": null,
            "restore_dropped_database_id": null,
            "restore_long_term_retention_backup_id": null,
            "restore_point_in_time": null,
            "sample_name": null,
            "server_id": "/subscriptions/d0dc2c28-831d-44bd-986c-f58b884385f0/resourceGroups/shared-rg/providers/Microsoft.Sql/servers/abdul-sql-server",
            "short_term_retention_policy": [
              {
                "backup_interval_in_hours": 12,
                "retention_days": 7
              }
            ],
            "sku_name": "GP_Gen5_2",
            "storage_account_type": "Geo",
            "tags": {},
            "threat_detection_policy": [
              {
                "disabled_alerts": [],
                "email_account_admins": "Disabled",
                "email_addresses": [],
                "retention_days": 0,
                "state": "Disabled",
                "storage_account_access_key": "",
                "storage_endpoint": ""
              }
            ],
            "timeouts": null,
            "transparent_data_encryption_enabled": true,
            "transparent_data_encryption_key_automatic_rotation_enabled": false,
            "transparent_data_encryption_key_vault_key_id": "",
            "zone_redundant": false
          },
          "sensitive_attributes": [],
          "private": "eyJlMmJmYjczMC1lY2FhLTExZTYtOGY4OC0zNDM2M2JjN2M0YzAiOnsiY3JlYXRlIjozNjAwMDAwMDAwMDAwLCJkZWxldGUiOjM2MDAwMDAwMDAwMDAsInJlYWQiOjMwMDAwMDAwMDAwMCwidXBkYXRlIjozNjAwMDAwMDAwMDAwfSwic2NoZW1hX3ZlcnNpb24iOiIxIn0=",
          "dependencies": [
            "azurerm_mssql_server.server",
            "azurerm_resource_group.shared-rg"
          ]
        }
      ]
    },
    {
      "mode": "managed",
      "type": "azurerm_mssql_server",
      "name": "server",
      "provider": "provider[\"registry.terraform.io/hashicorp/azurerm\"]",
      "instances": [
        {
          "schema_version": 0,
          "attributes": {
            "administrator_login": "azureadmin",
            "administrator_login_password": "Reddeadredemption2",
            "azuread_administrator": [],
            "connection_policy": "Default",
            "fully_qualified_domain_name": "abdul-sql-server.database.windows.net",
            "id": "/subscriptions/d0dc2c28-831d-44bd-986c-f58b884385f0/resourceGroups/shared-rg/providers/Microsoft.Sql/servers/abdul-sql-server",
            "identity": [],
            "location": "uaenorth",
            "minimum_tls_version": "1.2",
            "name": "abdul-sql-server",
            "outbound_network_restriction_enabled": false,
            "primary_user_assigned_identity_id": "",
            "public_network_access_enabled": true,
            "resource_group_name": "shared-rg",
            "restorable_dropped_database_ids": [],
            "tags": {},
            "timeouts": null,
            "transparent_data_encryption_key_vault_key_id": "",
            "version": "12.0"
          },
          "sensitive_attributes": [
            [
              {
                "type": "get_attr",
                "value": "administrator_login_password"
              }
            ]
          ],
          "private": "eyJlMmJmYjczMC1lY2FhLTExZTYtOGY4OC0zNDM2M2JjN2M0YzAiOnsiY3JlYXRlIjozNjAwMDAwMDAwMDAwLCJkZWxldGUiOjM2MDAwMDAwMDAwMDAsInJlYWQiOjMwMDAwMDAwMDAwMCwidXBkYXRlIjozNjAwMDAwMDAwMDAwfX0=",
          "dependencies": [
            "azurerm_resource_group.shared-rg"
          ]
        }
      ]
    },
    {
      "mode": "managed",
      "type": "azurerm_public_ip",
      "name": "pip",
      "provider": "provider[\"registry.terraform.io/hashicorp/azurerm\"]",
      "instances": [
        {
          "schema_version": 0,
          "attributes": {
            "allocation_method": "Static",
            "ddos_protection_mode": "VirtualNetworkInherited",
            "ddos_protection_plan_id": null,
            "domain_name_label": null,
            "edge_zone": "",
            "fqdn": null,
            "id": "/subscriptions/d0dc2c28-831d-44bd-986c-f58b884385f0/resourceGroups/application-rg/providers/Microsoft.Network/publicIPAddresses/gateway-pip",
            "idle_timeout_in_minutes": 4,
            "ip_address": "4.161.35.104",
            "ip_tags": {},
            "ip_version": "IPv4",
            "location": "uaenorth",
            "name": "gateway-pip",
            "public_ip_prefix_id": null,
            "resource_group_name": "application-rg",
            "reverse_fqdn": null,
            "sku": "Standard",
            "sku_tier": "Regional",
            "tags": {},
            "timeouts": null,
            "zones": []
          },
          "sensitive_attributes": [],
          "private": "eyJlMmJmYjczMC1lY2FhLTExZTYtOGY4OC0zNDM2M2JjN2M0YzAiOnsiY3JlYXRlIjoxODAwMDAwMDAwMDAwLCJkZWxldGUiOjE4MDAwMDAwMDAwMDAsInJlYWQiOjMwMDAwMDAwMDAwMCwidXBkYXRlIjoxODAwMDAwMDAwMDAwfX0=",
          "dependencies": [
            "azurerm_resource_group.application-rg"
          ]
        }
      ]
    },
    {
      "mode": "managed",
      "type": "azurerm_resource_group",
      "name": "application-rg",
      "provider": "provider[\"registry.terraform.io/hashicorp/azurerm\"]",
      "instances": [
        {
          "schema_version": 0,
          "attributes": {
            "id": "/subscriptions/d0dc2c28-831d-44bd-986c-f58b884385f0/resourceGroups/application-rg",
            "location": "uaenorth",
            "managed_by": "",
            "name": "application-rg",
            "tags": {},
            "timeouts": null
          },
          "sensitive_attributes": [],
          "private": "eyJlMmJmYjczMC1lY2FhLTExZTYtOGY4OC0zNDM2M2JjN2M0YzAiOnsiY3JlYXRlIjo1NDAwMDAwMDAwMDAwLCJkZWxldGUiOjU0MDAwMDAwMDAwMDAsInJlYWQiOjMwMDAwMDAwMDAwMCwidXBkYXRlIjo1NDAwMDAwMDAwMDAwfX0="
        }
      ]
    },
    {
      "mode": "managed",
      "type": "azurerm_resource_group",
      "name": "shared-rg",
      "provider": "provider[\"registry.terraform.io/hashicorp/azurerm\"]",
      "instances": [
        {
          "schema_version": 0,
          "attributes": {
            "id": "/subscriptions/d0dc2c28-831d-44bd-986c-f58b884385f0/resourceGroups/shared-rg",
            "location": "uaenorth",
            "managed_by": "",
            "name": "shared-rg",
            "tags": {},
            "timeouts": null
          },
          "sensitive_attributes": [],
          "private": "eyJlMmJmYjczMC1lY2FhLTExZTYtOGY4OC0zNDM2M2JjN2M0YzAiOnsiY3JlYXRlIjo1NDAwMDAwMDAwMDAwLCJkZWxldGUiOjU0MDAwMDAwMDAwMDAsInJlYWQiOjMwMDAwMDAwMDAwMCwidXBkYXRlIjo1NDAwMDAwMDAwMDAwfX0="
        }
      ]
    },
    {
      "mode": "managed",
      "type": "azurerm_service_plan",
      "name": "webplan1",
      "provider": "provider[\"registry.terraform.io/hashicorp/azurerm\"]",
      "instances": [
        {
          "schema_version": 1,
          "attributes": {
            "app_service_environment_id": "",
            "id": "/subscriptions/d0dc2c28-831d-44bd-986c-f58b884385f0/resourceGroups/application-rg/providers/Microsoft.Web/serverFarms/NETApi-plan1",
            "kind": "linux",
            "location": "uaenorth",
            "maximum_elastic_worker_count": 1,
            "name": "NETApi-plan1",
            "os_type": "Linux",
            "per_site_scaling_enabled": false,
            "reserved": true,
            "resource_group_name": "application-rg",
            "sku_name": "F1",
            "tags": {},
            "timeouts": null,
            "worker_count": 1,
            "zone_balancing_enabled": false
          },
          "sensitive_attributes": [],
          "private": "eyJlMmJmYjczMC1lY2FhLTExZTYtOGY4OC0zNDM2M2JjN2M0YzAiOnsiY3JlYXRlIjozNjAwMDAwMDAwMDAwLCJkZWxldGUiOjM2MDAwMDAwMDAwMDAsInJlYWQiOjMwMDAwMDAwMDAwMCwidXBkYXRlIjozNjAwMDAwMDAwMDAwfSwic2NoZW1hX3ZlcnNpb24iOiIxIn0=",
          "dependencies": [
            "azurerm_resource_group.application-rg"
          ]
        }
      ]
    },
    {
      "mode": "managed",
      "type": "azurerm_service_plan",
      "name": "webplan2",
      "provider": "provider[\"registry.terraform.io/hashicorp/azurerm\"]",
      "instances": [
        {
          "schema_version": 1,
          "attributes": {
            "app_service_environment_id": "",
            "id": "/subscriptions/d0dc2c28-831d-44bd-986c-f58b884385f0/resourceGroups/application-rg/providers/Microsoft.Web/serverFarms/NETApi-plan2",
            "kind": "linux",
            "location": "uaenorth",
            "maximum_elastic_worker_count": 1,
            "name": "NETApi-plan2",
            "os_type": "Linux",
            "per_site_scaling_enabled": false,
            "reserved": true,
            "resource_group_name": "application-rg",
            "sku_name": "B1",
            "tags": {},
            "timeouts": null,
            "worker_count": 1,
            "zone_balancing_enabled": false
          },
          "sensitive_attributes": [],
          "private": "eyJlMmJmYjczMC1lY2FhLTExZTYtOGY4OC0zNDM2M2JjN2M0YzAiOnsiY3JlYXRlIjozNjAwMDAwMDAwMDAwLCJkZWxldGUiOjM2MDAwMDAwMDAwMDAsInJlYWQiOjMwMDAwMDAwMDAwMCwidXBkYXRlIjozNjAwMDAwMDAwMDAwfSwic2NoZW1hX3ZlcnNpb24iOiIxIn0=",
          "dependencies": [
            "azurerm_resource_group.application-rg"
          ]
        }
      ]
    },
    {
      "mode": "managed",
      "type": "azurerm_subnet",
      "name": "gateway-subnet",
      "provider": "provider[\"registry.terraform.io/hashicorp/azurerm\"]",
      "instances": [
        {
          "schema_version": 0,
          "attributes": {
            "address_prefixes": [
              "10.0.0.0/24"
            ],
            "delegation": [],
            "enforce_private_link_endpoint_network_policies": false,
            "enforce_private_link_service_network_policies": false,
            "id": "/subscriptions/d0dc2c28-831d-44bd-986c-f58b884385f0/resourceGroups/application-rg/providers/Microsoft.Network/virtualNetworks/Application-gateway-vnet/subnets/default",
            "name": "default",
            "private_endpoint_network_policies_enabled": true,
            "private_link_service_network_policies_enabled": true,
            "resource_group_name": "application-rg",
            "service_endpoint_policy_ids": [],
            "service_endpoints": [],
            "timeouts": null,
            "virtual_network_name": "Application-gateway-vnet"
          },
          "sensitive_attributes": [],
          "private": "eyJlMmJmYjczMC1lY2FhLTExZTYtOGY4OC0zNDM2M2JjN2M0YzAiOnsiY3JlYXRlIjoxODAwMDAwMDAwMDAwLCJkZWxldGUiOjE4MDAwMDAwMDAwMDAsInJlYWQiOjMwMDAwMDAwMDAwMCwidXBkYXRlIjoxODAwMDAwMDAwMDAwfX0=",
          "dependencies": [
            "azurerm_resource_group.application-rg",
            "azurerm_virtual_network.gateway-vnet"
          ]
        }
      ]
    },
    {
      "mode": "managed",
      "type": "azurerm_virtual_network",
      "name": "gateway-vnet",
      "provider": "provider[\"registry.terraform.io/hashicorp/azurerm\"]",
      "instances": [
        {
          "schema_version": 0,
          "attributes": {
            "address_space": [
              "10.0.0.0/16"
            ],
            "bgp_community": "",
            "ddos_protection_plan": [],
            "dns_servers": [],
            "edge_zone": "",
            "encryption": [],
            "flow_timeout_in_minutes": 0,
            "guid": "597e9001-847b-43ac-8abf-6127bbfaf0dd",
            "id": "/subscriptions/d0dc2c28-831d-44bd-986c-f58b884385f0/resourceGroups/application-rg/providers/Microsoft.Network/virtualNetworks/Application-gateway-vnet",
            "location": "uaenorth",
            "name": "Application-gateway-vnet",
            "resource_group_name": "application-rg",
            "subnet": [
              {
                "address_prefix": "10.0.0.0/24",
                "id": "/subscriptions/d0dc2c28-831d-44bd-986c-f58b884385f0/resourceGroups/application-rg/providers/Microsoft.Network/virtualNetworks/Application-gateway-vnet/subnets/default",
                "name": "default",
                "security_group": ""
              }
            ],
            "tags": {},
            "timeouts": null
          },
          "sensitive_attributes": [],
          "private": "eyJlMmJmYjczMC1lY2FhLTExZTYtOGY4OC0zNDM2M2JjN2M0YzAiOnsiY3JlYXRlIjoxODAwMDAwMDAwMDAwLCJkZWxldGUiOjE4MDAwMDAwMDAwMDAsInJlYWQiOjMwMDAwMDAwMDAwMCwidXBkYXRlIjoxODAwMDAwMDAwMDAwfX0=",
          "dependencies": [
            "azurerm_resource_group.application-rg"
          ]
        }
      ]
    }
  ],
  "check_results": null
}
